
Microsoft Visual Studio Solution File, Format Version 12.00
# Visual Studio 15
VisualStudioVersion = 15.0.26430.14
MinimumVisualStudioVersion = 10.0.40219.1
Project("{FAE04EC0-301F-11D3-BF4B-00C04F79EFBC}") = "WindowsFormsApp1", "WindowsFormsApp1\WindowsFormsApp1.csproj", "{DCCC974D-B3A8-4FD2-8BD1-47B9C7E82A20}"
EndProject
Global
	GlobalSection(SolutionConfigurationPlatforms) = preSolution
		Debug|Any CPU = Debug|Any CPU
		Release|Any CPU = Release|Any CPU
	EndGlobalSection
	GlobalSection(ProjectConfigurationPlatforms) = postSolution
		{DCCC974D-B3A8-4FD2-8BD1-47B9C7E82A20}.Debug|Any CPU.ActiveCfg = Debug|Any CPU
		{DCCC974D-B3A8-4FD2-8BD1-47B9C7E82A20}.Debug|Any CPU.Build.0 = Debug|Any CPU
		{DCCC974D-B3A8-4FD2-8BD1-47B9C7E82A20}.Release|Any CPU.ActiveCfg = Release|Any CPU
		{DCCC974D-B3A8-4FD2-8BD1-47B9C7E82A20}.Release|Any CPU.Build.0 = Release|Any CPU
	EndGlobalSection
	GlobalSection(SolutionProperties) = preSolution
		HideSolutionNode = FALSE
	EndGlobalSection
	GlobalSection(ExtensibilityGlobals) = postSolution
		SolutionGuid = {BBD1B598-702A-4EBD-B785-E324201E3F5E}
	EndGlobalSection
EndGlobal
